
Microsoft Visual Studio Solution File, Format Version 12.00
# Visual Studio 15
VisualStudioVersion = 15.0.26124.0
MinimumVisualStudioVersion = 15.0.26124.0
Project("{2150E333-8FDC-42A3-9474-1A3956D46DE8}") = "src", "src", "{EE64BF70-5EF2-45CA-8EC5-0F11C4AE15ED}"
EndProject
Project("{FAE04EC0-301F-11D3-BF4B-00C04F79EFBC}") = "MtgInstrumenter", "src\MtgInstr\MtgInstrumenter.csproj", "{B34C9A4D-402E-4729-A6DD-E67D7438AA75}"
EndProject
Project("{FAE04EC0-301F-11D3-BF4B-00C04F79EFBC}") = "MtgProfilerTools", "src\MtgProfilerTools\MtgProfilerTools.csproj", "{CE5FDF23-A129-4AD4-B787-C4EE12E083D7}"
EndProject
Global
	GlobalSection(SolutionConfigurationPlatforms) = preSolution
		Debug|Any CPU = Debug|Any CPU
		Debug|x64 = Debug|x64
		Debug|x86 = Debug|x86
		Release|Any CPU = Release|Any CPU
		Release|x64 = Release|x64
		Release|x86 = Release|x86
	EndGlobalSection
	GlobalSection(SolutionProperties) = preSolution
		HideSolutionNode = FALSE
	EndGlobalSection
	GlobalSection(ProjectConfigurationPlatforms) = postSolution
		{B34C9A4D-402E-4729-A6DD-E67D7438AA75}.Debug|Any CPU.ActiveCfg = Debug|Any CPU
		{B34C9A4D-402E-4729-A6DD-E67D7438AA75}.Debug|Any CPU.Build.0 = Debug|Any CPU
		{B34C9A4D-402E-4729-A6DD-E67D7438AA75}.Debug|x64.ActiveCfg = Debug|Any CPU
		{B34C9A4D-402E-4729-A6DD-E67D7438AA75}.Debug|x64.Build.0 = Debug|Any CPU
		{B34C9A4D-402E-4729-A6DD-E67D7438AA75}.Debug|x86.ActiveCfg = Debug|Any CPU
		{B34C9A4D-402E-4729-A6DD-E67D7438AA75}.Debug|x86.Build.0 = Debug|Any CPU
		{B34C9A4D-402E-4729-A6DD-E67D7438AA75}.Release|Any CPU.ActiveCfg = Release|Any CPU
		{B34C9A4D-402E-4729-A6DD-E67D7438AA75}.Release|Any CPU.Build.0 = Release|Any CPU
		{B34C9A4D-402E-4729-A6DD-E67D7438AA75}.Release|x64.ActiveCfg = Release|Any CPU
		{B34C9A4D-402E-4729-A6DD-E67D7438AA75}.Release|x64.Build.0 = Release|Any CPU
		{B34C9A4D-402E-4729-A6DD-E67D7438AA75}.Release|x86.ActiveCfg = Release|Any CPU
		{B34C9A4D-402E-4729-A6DD-E67D7438AA75}.Release|x86.Build.0 = Release|Any CPU
		{CE5FDF23-A129-4AD4-B787-C4EE12E083D7}.Debug|Any CPU.ActiveCfg = Debug|Any CPU
		{CE5FDF23-A129-4AD4-B787-C4EE12E083D7}.Debug|Any CPU.Build.0 = Debug|Any CPU
		{CE5FDF23-A129-4AD4-B787-C4EE12E083D7}.Debug|x64.ActiveCfg = Debug|Any CPU
		{CE5FDF23-A129-4AD4-B787-C4EE12E083D7}.Debug|x64.Build.0 = Debug|Any CPU
		{CE5FDF23-A129-4AD4-B787-C4EE12E083D7}.Debug|x86.ActiveCfg = Debug|Any CPU
		{CE5FDF23-A129-4AD4-B787-C4EE12E083D7}.Debug|x86.Build.0 = Debug|Any CPU
		{CE5FDF23-A129-4AD4-B787-C4EE12E083D7}.Release|Any CPU.ActiveCfg = Release|Any CPU
		{CE5FDF23-A129-4AD4-B787-C4EE12E083D7}.Release|Any CPU.Build.0 = Release|Any CPU
		{CE5FDF23-A129-4AD4-B787-C4EE12E083D7}.Release|x64.ActiveCfg = Release|Any CPU
		{CE5FDF23-A129-4AD4-B787-C4EE12E083D7}.Release|x64.Build.0 = Release|Any CPU
		{CE5FDF23-A129-4AD4-B787-C4EE12E083D7}.Release|x86.ActiveCfg = Release|Any CPU
		{CE5FDF23-A129-4AD4-B787-C4EE12E083D7}.Release|x86.Build.0 = Release|Any CPU
	EndGlobalSection
	GlobalSection(NestedProjects) = preSolution
		{B34C9A4D-402E-4729-A6DD-E67D7438AA75} = {EE64BF70-5EF2-45CA-8EC5-0F11C4AE15ED}
		{CE5FDF23-A129-4AD4-B787-C4EE12E083D7} = {EE64BF70-5EF2-45CA-8EC5-0F11C4AE15ED}
	EndGlobalSection
EndGlobal
